
Microsoft Visual Studio Solution File, Format Version 12.00
# Visual Studio 15
Project("{FAE04EC0-301F-11D3-BF4B-00C04F79EFBC}") = "CombineMeshes (4)", "CombineMeshes (4).csproj", "{5BEAA419-4127-57B2-274E-F38913FAFD98}"
EndProject
Project("{FAE04EC0-301F-11D3-BF4B-00C04F79EFBC}") = "CombineMeshes (4).Editor", "CombineMeshes (4).Editor.csproj", "{91A78838-237C-5166-A403-48DE089441EA}"
EndProject
Global
	GlobalSection(SolutionConfigurationPlatforms) = preSolution
		Debug|Any CPU = Debug|Any CPU
		Release|Any CPU = Release|Any CPU
	EndGlobalSection
	GlobalSection(ProjectConfigurationPlatforms) = postSolution
		{5BEAA419-4127-57B2-274E-F38913FAFD98}.Debug|Any CPU.ActiveCfg = Debug|Any CPU
		{5BEAA419-4127-57B2-274E-F38913FAFD98}.Debug|Any CPU.Build.0 = Debug|Any CPU
		{5BEAA419-4127-57B2-274E-F38913FAFD98}.Release|Any CPU.ActiveCfg = Release|Any CPU
		{5BEAA419-4127-57B2-274E-F38913FAFD98}.Release|Any CPU.Build.0 = Release|Any CPU
		{91A78838-237C-5166-A403-48DE089441EA}.Debug|Any CPU.ActiveCfg = Debug|Any CPU
		{91A78838-237C-5166-A403-48DE089441EA}.Debug|Any CPU.Build.0 = Debug|Any CPU
		{91A78838-237C-5166-A403-48DE089441EA}.Release|Any CPU.ActiveCfg = Release|Any CPU
		{91A78838-237C-5166-A403-48DE089441EA}.Release|Any CPU.Build.0 = Release|Any CPU
	EndGlobalSection
	GlobalSection(SolutionProperties) = preSolution
		HideSolutionNode = FALSE
	EndGlobalSection
EndGlobal
